
Microsoft Visual Studio Solution File, Format Version 12.00
# Visual Studio Version 17
VisualStudioVersion = 17.12.35527.113
MinimumVisualStudioVersion = 10.0.40219.1
Project("{FAE04EC0-301F-11D3-BF4B-00C04F79EFBC}") = "TripProject", "TripProject\TripProject.csproj", "{B884EF0E-C388-4954-A7D8-40275E8A8C79}"
EndProject
Project("{FAE04EC0-301F-11D3-BF4B-00C04F79EFBC}") = "Entity", "Entity\Entity.csproj", "{05BC49E6-2E5B-4B3C-9DF0-5250DA6406E3}"
EndProject
Project("{FAE04EC0-301F-11D3-BF4B-00C04F79EFBC}") = "Data", "Data\Data.csproj", "{BFF03CE8-62BF-4AFB-82ED-4770007D3302}"
EndProject
Project("{FAE04EC0-301F-11D3-BF4B-00C04F79EFBC}") = "Dto", "Dto\Dto.csproj", "{6417EB62-BB74-4DDB-8F40-CBA8C131B495}"
EndProject
Project("{FAE04EC0-301F-11D3-BF4B-00C04F79EFBC}") = "Service1", "Service1\Service1.csproj", "{E245FBDF-4532-4A14-88FB-F2C901E28661}"
EndProject
Project("{FAE04EC0-301F-11D3-BF4B-00C04F79EFBC}") = "Repository1", "Repository1\Repository1.csproj", "{28302DA9-7A5E-48E8-8725-CEBE9FB406BA}"
EndProject
Global
	GlobalSection(SolutionConfigurationPlatforms) = preSolution
		Debug|Any CPU = Debug|Any CPU
		Release|Any CPU = Release|Any CPU
	EndGlobalSection
	GlobalSection(ProjectConfigurationPlatforms) = postSolution
		{B884EF0E-C388-4954-A7D8-40275E8A8C79}.Debug|Any CPU.ActiveCfg = Debug|Any CPU
		{B884EF0E-C388-4954-A7D8-40275E8A8C79}.Debug|Any CPU.Build.0 = Debug|Any CPU
		{B884EF0E-C388-4954-A7D8-40275E8A8C79}.Release|Any CPU.ActiveCfg = Release|Any CPU
		{B884EF0E-C388-4954-A7D8-40275E8A8C79}.Release|Any CPU.Build.0 = Release|Any CPU
		{05BC49E6-2E5B-4B3C-9DF0-5250DA6406E3}.Debug|Any CPU.ActiveCfg = Debug|Any CPU
		{05BC49E6-2E5B-4B3C-9DF0-5250DA6406E3}.Debug|Any CPU.Build.0 = Debug|Any CPU
		{05BC49E6-2E5B-4B3C-9DF0-5250DA6406E3}.Release|Any CPU.ActiveCfg = Release|Any CPU
		{05BC49E6-2E5B-4B3C-9DF0-5250DA6406E3}.Release|Any CPU.Build.0 = Release|Any CPU
		{BFF03CE8-62BF-4AFB-82ED-4770007D3302}.Debug|Any CPU.ActiveCfg = Debug|Any CPU
		{BFF03CE8-62BF-4AFB-82ED-4770007D3302}.Debug|Any CPU.Build.0 = Debug|Any CPU
		{BFF03CE8-62BF-4AFB-82ED-4770007D3302}.Release|Any CPU.ActiveCfg = Release|Any CPU
		{BFF03CE8-62BF-4AFB-82ED-4770007D3302}.Release|Any CPU.Build.0 = Release|Any CPU
		{6417EB62-BB74-4DDB-8F40-CBA8C131B495}.Debug|Any CPU.ActiveCfg = Debug|Any CPU
		{6417EB62-BB74-4DDB-8F40-CBA8C131B495}.Debug|Any CPU.Build.0 = Debug|Any CPU
		{6417EB62-BB74-4DDB-8F40-CBA8C131B495}.Release|Any CPU.ActiveCfg = Release|Any CPU
		{6417EB62-BB74-4DDB-8F40-CBA8C131B495}.Release|Any CPU.Build.0 = Release|Any CPU
		{E245FBDF-4532-4A14-88FB-F2C901E28661}.Debug|Any CPU.ActiveCfg = Debug|Any CPU
		{E245FBDF-4532-4A14-88FB-F2C901E28661}.Debug|Any CPU.Build.0 = Debug|Any CPU
		{E245FBDF-4532-4A14-88FB-F2C901E28661}.Release|Any CPU.ActiveCfg = Release|Any CPU
		{E245FBDF-4532-4A14-88FB-F2C901E28661}.Release|Any CPU.Build.0 = Release|Any CPU
		{28302DA9-7A5E-48E8-8725-CEBE9FB406BA}.Debug|Any CPU.ActiveCfg = Debug|Any CPU
		{28302DA9-7A5E-48E8-8725-CEBE9FB406BA}.Debug|Any CPU.Build.0 = Debug|Any CPU
		{28302DA9-7A5E-48E8-8725-CEBE9FB406BA}.Release|Any CPU.ActiveCfg = Release|Any CPU
		{28302DA9-7A5E-48E8-8725-CEBE9FB406BA}.Release|Any CPU.Build.0 = Release|Any CPU
	EndGlobalSection
	GlobalSection(SolutionProperties) = preSolution
		HideSolutionNode = FALSE
	EndGlobalSection
EndGlobal
